{
  "name": "uw-wiki",
  "lockfileVersion": 3,
  "requires": true,
  "packages": {
    "": {
      "dependencies": {
        "agent-orchestration-guide": "^0.1.0"
      }
    },
    "node_modules/agent-orchestration-guide": {
      "version": "0.1.0",
      "resolved": "https://registry.npmjs.org/agent-orchestration-guide/-/agent-orchestration-guide-0.1.0.tgz",
      "integrity": "sha512-GKsSygitYka1t4pMvXk6BkV8vsxfHuYKVXre5e96RoNuZFQR4JC8gszhKtxqfd13ZGIZ4dtO+hrE8L6/TQ9W5g==",
      "license": "MIT"
    }
  }
}
